{
  "name": "pareto",
  "lockfileVersion": 2,
  "requires": true,
  "packages": {
    "": {
      "dependencies": {
        "lib-pareto-typescript-project": "^0.41.0",
        "pareto-core-exe": "^0.15.1",
        "pareto-core-lib": "^0.17.0",
        "pareto-core-raw": "^0.7.4",
        "pareto-core-state": "^0.12.0"
      }
    },
    "node_modules/glo-pareto-common": {
      "version": "0.5.0",
      "resolved": "https://registry.npmjs.org/glo-pareto-common/-/glo-pareto-common-0.5.0.tgz",
      "integrity": "sha512-tJ5JqoaO4KAAY2QFLDcdRQlRKNqZ/PJFLYzHlqP/ArNUKFgYPHLvqT+jyt5wVDm2AQQKTxSZKoR9WdtrSgE0Gw==",
      "dependencies": {
        "pareto-core-types": "^0.10.0"
      }
    },
    "node_modules/glo-pareto-main": {
      "version": "0.3.0",
      "resolved": "https://registry.npmjs.org/glo-pareto-main/-/glo-pareto-main-0.3.0.tgz",
      "integrity": "sha512-f3eHxf/dw/7HQne6vcmdgJOFTho/Xw+xaAdiEFn6F4jbvUp4qcCAsOhwoATZJCQPA34+U9alNDgYShSOCIsb5w==",
      "dependencies": {
        "pareto-core-types": "^0.10.0"
      }
    },
    "node_modules/lib-fountain-pen": {
      "version": "0.21.0",
      "resolved": "https://registry.npmjs.org/lib-fountain-pen/-/lib-fountain-pen-0.21.0.tgz",
      "integrity": "sha512-g+6eossjmylhcEZdwVyQkmlopCoheBw0oLqxfzXCgq0594AkV0UtbI6/FgZe9ptJE/YUov94lMADPvbKT/WfIQ==",
      "dependencies": {
        "glo-pareto-common": "^0.5.0",
        "pareto-core-lib": "^0.17.0",
        "pareto-core-raw": "^0.7.0",
        "pareto-core-state": "^0.12.0",
        "res-pareto-tostring": "^0.8.0"
      }
    },
    "node_modules/lib-pareto-main": {
      "version": "0.7.0",
      "resolved": "https://registry.npmjs.org/lib-pareto-main/-/lib-pareto-main-0.7.0.tgz",
      "integrity": "sha512-Qv9gK2UguQ/7lhudNaTlGp/fqw/VUAgmG5xbTPhEca+uI840ABhXtDmdzc7jJxHvSmsvQt02twwd/l9Uoyfwmg==",
      "dependencies": {
        "glo-pareto-common": "^0.5.0",
        "pareto-core-lib": "^0.17.0",
        "pareto-core-raw": "^0.7.0",
        "pareto-core-state": "^0.12.0",
        "pareto-core-types": "^0.10.0"
      }
    },
    "node_modules/lib-pareto-typescript-project": {
      "version": "0.41.0",
      "resolved": "https://registry.npmjs.org/lib-pareto-typescript-project/-/lib-pareto-typescript-project-0.41.0.tgz",
      "integrity": "sha512-/stKOY6bgmqCMKVBTFpYqxiFrZcIp56bE5GfppkVm0B3iEQLVBEqYRjiBdpMnaIoa3jPrO7jsB7d8JiXTONYcw==",
      "dependencies": {
        "glo-pareto-common": "^0.5.0",
        "lib-fountain-pen": "^0.21.0",
        "lib-pareto-main": "^0.7.0",
        "pareto-core-lib": "^0.17.0",
        "pareto-core-raw": "^0.7.2",
        "pareto-core-state": "^0.12.0",
        "res-pareto-collation": "^0.11.0",
        "res-pareto-filesystem": "^0.30.0"
      }
    },
    "node_modules/pareto-core-exe": {
      "version": "0.15.1",
      "resolved": "https://registry.npmjs.org/pareto-core-exe/-/pareto-core-exe-0.15.1.tgz",
      "integrity": "sha512-WZxS20fFeq2pzl8pfF2VZFiqXxeg+YmBk5RWymWSvrjWN08ZmtP01/GHtQmgXpHtFG+11FusPXX+lk7dar26dw==",
      "dependencies": {
        "glo-pareto-main": "^0.3.0",
        "pareto-core-internals": "^0.11.0"
      }
    },
    "node_modules/pareto-core-internals": {
      "version": "0.11.0",
      "resolved": "https://registry.npmjs.org/pareto-core-internals/-/pareto-core-internals-0.11.0.tgz",
      "integrity": "sha512-r9npJV5EXGSteklXVa9Sr9YcTkv3PQ3bWJK0sWwtuw6rvU4DHC6xYzIU8otnI4SM0f2je72fN6fWh0LaYQNe2A==",
      "dependencies": {
        "pareto-core-types": "^0.10.0"
      }
    },
    "node_modules/pareto-core-lib": {
      "version": "0.17.0",
      "resolved": "https://registry.npmjs.org/pareto-core-lib/-/pareto-core-lib-0.17.0.tgz",
      "integrity": "sha512-C+5Omz9UT8EB8f2AcVd78Kcq+b1IdymQLk9LkywFySieh38AeYtrLRod8tif4wLCeXGIj6T1Py23Pl+5lGWNFg==",
      "dependencies": {
        "pareto-core-internals": "^0.11.0"
      }
    },
    "node_modules/pareto-core-raw": {
      "version": "0.7.4",
      "resolved": "https://registry.npmjs.org/pareto-core-raw/-/pareto-core-raw-0.7.4.tgz",
      "integrity": "sha512-t8QLy3Mf8rU2V9u1KXj0LWfdrDuYz3qM83kcM4/fghXEVAlmQduw4eRc92RmkhSztSc8Vi2/f/xMXIa5dOIpuA==",
      "dependencies": {
        "pareto-core-internals": "^0.11.0"
      }
    },
    "node_modules/pareto-core-state": {
      "version": "0.12.0",
      "resolved": "https://registry.npmjs.org/pareto-core-state/-/pareto-core-state-0.12.0.tgz",
      "integrity": "sha512-yuDXIlvorBeZfJ4Xkob7JEXcukou5s1UrcXvsCt9N9CjalbEoOgZ5UD+3wL4nbtlIubzH+VvzlYMOoOoOOxkqw==",
      "dependencies": {
        "pareto-core-internals": "^0.11.0"
      }
    },
    "node_modules/pareto-core-types": {
      "version": "0.10.0",
      "resolved": "https://registry.npmjs.org/pareto-core-types/-/pareto-core-types-0.10.0.tgz",
      "integrity": "sha512-asVi1Eq2wbUfqyOrTFtSP7Tm1flBhfh2Evu90aTgf2xzphs9BFiYvIs9FhNWU7qcvjAup6ISMT6Gjv7mHQivLw=="
    },
    "node_modules/res-pareto-collation": {
      "version": "0.11.0",
      "resolved": "https://registry.npmjs.org/res-pareto-collation/-/res-pareto-collation-0.11.0.tgz",
      "integrity": "sha512-E4O5RXUhmSZ9Zdj20Xj+xpH0nH2wD0qpRRNk/EytZZBwHCdLu9pAaoIFuNBXzmBje/gHyoO/7cn4DQ7vZugGXg==",
      "dependencies": {
        "pareto-core-internals": "^0.11.0"
      }
    },
    "node_modules/res-pareto-filesystem": {
      "version": "0.30.0",
      "resolved": "https://registry.npmjs.org/res-pareto-filesystem/-/res-pareto-filesystem-0.30.0.tgz",
      "integrity": "sha512-QGHBZItTzS/XSA3nGbqAqqzi80fSLCSyBxznsiE20PbCvbOCySepOX7IGHqUTXyw1HK3UI+EjUrbsTnLigDKkg==",
      "dependencies": {
        "glo-pareto-common": "^0.5.0",
        "pareto-core-internals": "^0.11.0"
      }
    },
    "node_modules/res-pareto-tostring": {
      "version": "0.8.0",
      "resolved": "https://registry.npmjs.org/res-pareto-tostring/-/res-pareto-tostring-0.8.0.tgz",
      "integrity": "sha512-/ABcCWVC+tDld88izXhKnlE2DLS2zZA/4mQ2VnPI+wZOn+knZs0kZK7DBpsl9j7PFWEHuqNbEhxtsbsS2TwpNw==",
      "dependencies": {
        "glo-pareto-common": "^0.5.0",
        "pareto-core-internals": "^0.11.0"
      }
    }
  },
  "dependencies": {
    "glo-pareto-common": {
      "version": "0.5.0",
      "resolved": "https://registry.npmjs.org/glo-pareto-common/-/glo-pareto-common-0.5.0.tgz",
      "integrity": "sha512-tJ5JqoaO4KAAY2QFLDcdRQlRKNqZ/PJFLYzHlqP/ArNUKFgYPHLvqT+jyt5wVDm2AQQKTxSZKoR9WdtrSgE0Gw==",
      "requires": {
        "pareto-core-types": "^0.10.0"
      }
    },
    "glo-pareto-main": {
      "version": "0.3.0",
      "resolved": "https://registry.npmjs.org/glo-pareto-main/-/glo-pareto-main-0.3.0.tgz",
      "integrity": "sha512-f3eHxf/dw/7HQne6vcmdgJOFTho/Xw+xaAdiEFn6F4jbvUp4qcCAsOhwoATZJCQPA34+U9alNDgYShSOCIsb5w==",
      "requires": {
        "pareto-core-types": "^0.10.0"
      }
    },
    "lib-fountain-pen": {
      "version": "0.21.0",
      "resolved": "https://registry.npmjs.org/lib-fountain-pen/-/lib-fountain-pen-0.21.0.tgz",
      "integrity": "sha512-g+6eossjmylhcEZdwVyQkmlopCoheBw0oLqxfzXCgq0594AkV0UtbI6/FgZe9ptJE/YUov94lMADPvbKT/WfIQ==",
      "requires": {
        "glo-pareto-common": "^0.5.0",
        "pareto-core-lib": "^0.17.0",
        "pareto-core-raw": "^0.7.0",
        "pareto-core-state": "^0.12.0",
        "res-pareto-tostring": "^0.8.0"
      }
    },
    "lib-pareto-main": {
      "version": "0.7.0",
      "resolved": "https://registry.npmjs.org/lib-pareto-main/-/lib-pareto-main-0.7.0.tgz",
      "integrity": "sha512-Qv9gK2UguQ/7lhudNaTlGp/fqw/VUAgmG5xbTPhEca+uI840ABhXtDmdzc7jJxHvSmsvQt02twwd/l9Uoyfwmg==",
      "requires": {
        "glo-pareto-common": "^0.5.0",
        "pareto-core-lib": "^0.17.0",
        "pareto-core-raw": "^0.7.0",
        "pareto-core-state": "^0.12.0",
        "pareto-core-types": "^0.10.0"
      }
    },
    "lib-pareto-typescript-project": {
      "version": "0.41.0",
      "resolved": "https://registry.npmjs.org/lib-pareto-typescript-project/-/lib-pareto-typescript-project-0.41.0.tgz",
      "integrity": "sha512-/stKOY6bgmqCMKVBTFpYqxiFrZcIp56bE5GfppkVm0B3iEQLVBEqYRjiBdpMnaIoa3jPrO7jsB7d8JiXTONYcw==",
      "requires": {
        "glo-pareto-common": "^0.5.0",
        "lib-fountain-pen": "^0.21.0",
        "lib-pareto-main": "^0.7.0",
        "pareto-core-lib": "^0.17.0",
        "pareto-core-raw": "^0.7.2",
        "pareto-core-state": "^0.12.0",
        "res-pareto-collation": "^0.11.0",
        "res-pareto-filesystem": "^0.30.0"
      }
    },
    "pareto-core-exe": {
      "version": "0.15.1",
      "resolved": "https://registry.npmjs.org/pareto-core-exe/-/pareto-core-exe-0.15.1.tgz",
      "integrity": "sha512-WZxS20fFeq2pzl8pfF2VZFiqXxeg+YmBk5RWymWSvrjWN08ZmtP01/GHtQmgXpHtFG+11FusPXX+lk7dar26dw==",
      "requires": {
        "glo-pareto-main": "^0.3.0",
        "pareto-core-internals": "^0.11.0"
      }
    },
    "pareto-core-internals": {
      "version": "0.11.0",
      "resolved": "https://registry.npmjs.org/pareto-core-internals/-/pareto-core-internals-0.11.0.tgz",
      "integrity": "sha512-r9npJV5EXGSteklXVa9Sr9YcTkv3PQ3bWJK0sWwtuw6rvU4DHC6xYzIU8otnI4SM0f2je72fN6fWh0LaYQNe2A==",
      "requires": {
        "pareto-core-types": "^0.10.0"
      }
    },
    "pareto-core-lib": {
      "version": "0.17.0",
      "resolved": "https://registry.npmjs.org/pareto-core-lib/-/pareto-core-lib-0.17.0.tgz",
      "integrity": "sha512-C+5Omz9UT8EB8f2AcVd78Kcq+b1IdymQLk9LkywFySieh38AeYtrLRod8tif4wLCeXGIj6T1Py23Pl+5lGWNFg==",
      "requires": {
        "pareto-core-internals": "^0.11.0"
      }
    },
    "pareto-core-raw": {
      "version": "0.7.4",
      "resolved": "https://registry.npmjs.org/pareto-core-raw/-/pareto-core-raw-0.7.4.tgz",
      "integrity": "sha512-t8QLy3Mf8rU2V9u1KXj0LWfdrDuYz3qM83kcM4/fghXEVAlmQduw4eRc92RmkhSztSc8Vi2/f/xMXIa5dOIpuA==",
      "requires": {
        "pareto-core-internals": "^0.11.0"
      }
    },
    "pareto-core-state": {
      "version": "0.12.0",
      "resolved": "https://registry.npmjs.org/pareto-core-state/-/pareto-core-state-0.12.0.tgz",
      "integrity": "sha512-yuDXIlvorBeZfJ4Xkob7JEXcukou5s1UrcXvsCt9N9CjalbEoOgZ5UD+3wL4nbtlIubzH+VvzlYMOoOoOOxkqw==",
      "requires": {
        "pareto-core-internals": "^0.11.0"
      }
    },
    "pareto-core-types": {
      "version": "0.10.0",
      "resolved": "https://registry.npmjs.org/pareto-core-types/-/pareto-core-types-0.10.0.tgz",
      "integrity": "sha512-asVi1Eq2wbUfqyOrTFtSP7Tm1flBhfh2Evu90aTgf2xzphs9BFiYvIs9FhNWU7qcvjAup6ISMT6Gjv7mHQivLw=="
    },
    "res-pareto-collation": {
      "version": "0.11.0",
      "resolved": "https://registry.npmjs.org/res-pareto-collation/-/res-pareto-collation-0.11.0.tgz",
      "integrity": "sha512-E4O5RXUhmSZ9Zdj20Xj+xpH0nH2wD0qpRRNk/EytZZBwHCdLu9pAaoIFuNBXzmBje/gHyoO/7cn4DQ7vZugGXg==",
      "requires": {
        "pareto-core-internals": "^0.11.0"
      }
    },
    "res-pareto-filesystem": {
      "version": "0.30.0",
      "resolved": "https://registry.npmjs.org/res-pareto-filesystem/-/res-pareto-filesystem-0.30.0.tgz",
      "integrity": "sha512-QGHBZItTzS/XSA3nGbqAqqzi80fSLCSyBxznsiE20PbCvbOCySepOX7IGHqUTXyw1HK3UI+EjUrbsTnLigDKkg==",
      "requires": {
        "glo-pareto-common": "^0.5.0",
        "pareto-core-internals": "^0.11.0"
      }
    },
    "res-pareto-tostring": {
      "version": "0.8.0",
      "resolved": "https://registry.npmjs.org/res-pareto-tostring/-/res-pareto-tostring-0.8.0.tgz",
      "integrity": "sha512-/ABcCWVC+tDld88izXhKnlE2DLS2zZA/4mQ2VnPI+wZOn+knZs0kZK7DBpsl9j7PFWEHuqNbEhxtsbsS2TwpNw==",
      "requires": {
        "glo-pareto-common": "^0.5.0",
        "pareto-core-internals": "^0.11.0"
      }
    }
  }
}
