{
  "name": "dev",
  "lockfileVersion": 2,
  "requires": true,
  "packages": {
    "": {
      "dependencies": {
        "lib-pareto-main": "^0.1.0",
        "lib-pareto-typescript-project": "^0.18.0",
        "pareto-core-exe": "^0.15.1",
        "pareto-core-lib": "^0.17.0",
        "pareto-core-raw": "^0.7.0",
        "pareto-core-state": "^0.12.0"
      }
    },
    "node_modules/glo-pareto-common": {
      "version": "0.2.0",
      "resolved": "https://registry.npmjs.org/glo-pareto-common/-/glo-pareto-common-0.2.0.tgz",
      "integrity": "sha512-LEIcfT/bslx4NsjKbpMwHN/I9d6CM6Swoo08pdRC7qJoO4XNMedeHbFPCJw6XlAailnubx5ioyCUn3FQjkq9jA==",
      "dependencies": {
        "pareto-core-types": "^0.10.0"
      }
    },
    "node_modules/lib-fountain-pen": {
      "version": "0.13.0",
      "resolved": "https://registry.npmjs.org/lib-fountain-pen/-/lib-fountain-pen-0.13.0.tgz",
      "integrity": "sha512-J6JAKtGpLsC2GWREoYAS1ZqLjcCOhVYybuORknB8B/M31b9tNpvw6GpVEMw7me8ldgV42C9n4UzdDxMOmiqWgA==",
      "dependencies": {
        "pareto-core-lib": "^0.17.0",
        "pareto-core-raw": "^0.7.0",
        "pareto-core-state": "^0.12.0",
        "res-pareto-filesystem": "^0.26.1",
        "res-pareto-tostring": "^0.4.1"
      }
    },
    "node_modules/lib-pareto-exe": {
      "version": "0.5.0",
      "resolved": "https://registry.npmjs.org/lib-pareto-exe/-/lib-pareto-exe-0.5.0.tgz",
      "integrity": "sha512-1TlApNzB7nBvjqTtZqhW4WZ/wcRxd+f4o4ZoeE8dpZF4lhJk3CapsuaNjQE/J5Ch6c4AMfWXOElmoXreJS4njw==",
      "dependencies": {
        "pareto-core-lib": "^0.13.0",
        "pareto-core-state": "^0.10.0"
      }
    },
    "node_modules/lib-pareto-exe/node_modules/pareto-core-internals": {
      "version": "0.7.0",
      "resolved": "https://registry.npmjs.org/pareto-core-internals/-/pareto-core-internals-0.7.0.tgz",
      "integrity": "sha512-1Mh7f9yFLSsFZKb3Rs/E9qGucUF2n1FcWPRfcRi47qI+FwhDfka0JbadlJaNnoVGOsY1bPMGxesTwReszBf9pw==",
      "dependencies": {
        "pareto-core-types": "^0.6.0"
      }
    },
    "node_modules/lib-pareto-exe/node_modules/pareto-core-lib": {
      "version": "0.13.0",
      "resolved": "https://registry.npmjs.org/pareto-core-lib/-/pareto-core-lib-0.13.0.tgz",
      "integrity": "sha512-abwCBRCqX9zs/0ENJC0WJOWeRqT0MTe4zfj21xJZidMjcXT0ga/V6XYLF4m8OQgqqQfzPchI5rkyBJgzXQTxrg==",
      "dependencies": {
        "pareto-core-internals": "^0.7.0"
      }
    },
    "node_modules/lib-pareto-exe/node_modules/pareto-core-state": {
      "version": "0.10.0",
      "resolved": "https://registry.npmjs.org/pareto-core-state/-/pareto-core-state-0.10.0.tgz",
      "integrity": "sha512-3mqwo8fanO8pks7dzYbA2E2RSYA3bDBCaHHb/Dh48y5yOAtDTfWcsDi+emJDdMjaAel09o36dQ0v0Yu2D4/9KA==",
      "dependencies": {
        "pareto-core-internals": "^0.7.0"
      }
    },
    "node_modules/lib-pareto-exe/node_modules/pareto-core-types": {
      "version": "0.6.0",
      "resolved": "https://registry.npmjs.org/pareto-core-types/-/pareto-core-types-0.6.0.tgz",
      "integrity": "sha512-q9M6w+M6kgJBaroffQto9oRqsBKDpYI+JbJgO+7wVUx5QPew9kEsdevkNfjPPPWhq0grRg9Nj3t2gQy6wXyL2g=="
    },
    "node_modules/lib-pareto-main": {
      "version": "0.1.0",
      "resolved": "https://registry.npmjs.org/lib-pareto-main/-/lib-pareto-main-0.1.0.tgz",
      "integrity": "sha512-ZFXmLDo+oVQrrDNZSUml7WkGUyEQAXjFwhtapGOEq7LJgb5e365hdkSYhKSxMP7h5bArU+3HBUSD/hEFbItZ+w==",
      "dependencies": {
        "pareto-core-lib": "^0.17.0",
        "pareto-core-types": "^0.10.0"
      }
    },
    "node_modules/lib-pareto-typescript-project": {
      "version": "0.18.0",
      "resolved": "https://registry.npmjs.org/lib-pareto-typescript-project/-/lib-pareto-typescript-project-0.18.0.tgz",
      "integrity": "sha512-/Js/ERNfX5154lF4W0HDvDqsO9jdMeY+E7gqGha76m5X0crCyrmS6TqcFVdLp6tziAnoQF+IcXiGCSV2l1S9ow==",
      "dependencies": {
        "glo-pareto-common": "^0.2.0",
        "lib-fountain-pen": "^0.13.0",
        "lib-pareto-exe": "^0.5.0",
        "lib-pareto-main": "^0.1.0",
        "pareto-core-lib": "^0.17.0",
        "pareto-core-raw": "^0.7.0",
        "pareto-core-state": "^0.12.0",
        "res-pareto-collation": "^0.11.0"
      }
    },
    "node_modules/pareto-core-exe": {
      "version": "0.15.1",
      "resolved": "https://registry.npmjs.org/pareto-core-exe/-/pareto-core-exe-0.15.1.tgz",
      "integrity": "sha512-WZxS20fFeq2pzl8pfF2VZFiqXxeg+YmBk5RWymWSvrjWN08ZmtP01/GHtQmgXpHtFG+11FusPXX+lk7dar26dw==",
      "dependencies": {
        "glo-pareto-main": "^0.3.0",
        "pareto-core-internals": "^0.11.0"
      }
    },
    "node_modules/pareto-core-exe/node_modules/glo-pareto-main": {
      "version": "0.3.0",
      "resolved": "https://registry.npmjs.org/glo-pareto-main/-/glo-pareto-main-0.3.0.tgz",
      "integrity": "sha512-f3eHxf/dw/7HQne6vcmdgJOFTho/Xw+xaAdiEFn6F4jbvUp4qcCAsOhwoATZJCQPA34+U9alNDgYShSOCIsb5w==",
      "dependencies": {
        "pareto-core-types": "^0.10.0"
      }
    },
    "node_modules/pareto-core-internals": {
      "version": "0.11.0",
      "resolved": "https://registry.npmjs.org/pareto-core-internals/-/pareto-core-internals-0.11.0.tgz",
      "integrity": "sha512-r9npJV5EXGSteklXVa9Sr9YcTkv3PQ3bWJK0sWwtuw6rvU4DHC6xYzIU8otnI4SM0f2je72fN6fWh0LaYQNe2A==",
      "dependencies": {
        "pareto-core-types": "^0.10.0"
      }
    },
    "node_modules/pareto-core-lib": {
      "version": "0.17.0",
      "resolved": "https://registry.npmjs.org/pareto-core-lib/-/pareto-core-lib-0.17.0.tgz",
      "integrity": "sha512-C+5Omz9UT8EB8f2AcVd78Kcq+b1IdymQLk9LkywFySieh38AeYtrLRod8tif4wLCeXGIj6T1Py23Pl+5lGWNFg==",
      "dependencies": {
        "pareto-core-internals": "^0.11.0"
      }
    },
    "node_modules/pareto-core-raw": {
      "version": "0.7.0",
      "resolved": "https://registry.npmjs.org/pareto-core-raw/-/pareto-core-raw-0.7.0.tgz",
      "integrity": "sha512-h+cMrKMNLg6iPB8oqc8DGJsdDSuuEEc/UxTbmehzOAUYeJp/ZftAVZn1IHItMcjRqpusfz7njKR4QvJWT91PEg==",
      "dependencies": {
        "pareto-core-internals": "^0.11.0"
      }
    },
    "node_modules/pareto-core-state": {
      "version": "0.12.0",
      "resolved": "https://registry.npmjs.org/pareto-core-state/-/pareto-core-state-0.12.0.tgz",
      "integrity": "sha512-yuDXIlvorBeZfJ4Xkob7JEXcukou5s1UrcXvsCt9N9CjalbEoOgZ5UD+3wL4nbtlIubzH+VvzlYMOoOoOOxkqw==",
      "dependencies": {
        "pareto-core-internals": "^0.11.0"
      }
    },
    "node_modules/pareto-core-types": {
      "version": "0.10.0",
      "resolved": "https://registry.npmjs.org/pareto-core-types/-/pareto-core-types-0.10.0.tgz",
      "integrity": "sha512-asVi1Eq2wbUfqyOrTFtSP7Tm1flBhfh2Evu90aTgf2xzphs9BFiYvIs9FhNWU7qcvjAup6ISMT6Gjv7mHQivLw=="
    },
    "node_modules/res-pareto-collation": {
      "version": "0.11.0",
      "resolved": "https://registry.npmjs.org/res-pareto-collation/-/res-pareto-collation-0.11.0.tgz",
      "integrity": "sha512-E4O5RXUhmSZ9Zdj20Xj+xpH0nH2wD0qpRRNk/EytZZBwHCdLu9pAaoIFuNBXzmBje/gHyoO/7cn4DQ7vZugGXg==",
      "dependencies": {
        "pareto-core-internals": "^0.11.0"
      }
    },
    "node_modules/res-pareto-filesystem": {
      "version": "0.26.1",
      "resolved": "https://registry.npmjs.org/res-pareto-filesystem/-/res-pareto-filesystem-0.26.1.tgz",
      "integrity": "sha512-K2oRhq/pwN09kANnNXXItfcqn6wOgQbQxJ0LC4FpDgKxKwwtR5R093+XExYmod3VcoReO7FBbFXvg/Pg7KSx6Q==",
      "dependencies": {
        "pareto-core-internals": "^0.11.0"
      }
    },
    "node_modules/res-pareto-tostring": {
      "version": "0.4.1",
      "resolved": "https://registry.npmjs.org/res-pareto-tostring/-/res-pareto-tostring-0.4.1.tgz",
      "integrity": "sha512-zvvdHzjekuuVn2q2HcWUS9UxwGQ2Vw1BWl0p18Hx0oJFck0NFEKb2Xk0NSKpXLKqH+FEAJKdh5D8d+2JR7JUWQ==",
      "dependencies": {
        "pareto-core-internals": "^0.11.0"
      }
    }
  },
  "dependencies": {
    "glo-pareto-common": {
      "version": "0.2.0",
      "resolved": "https://registry.npmjs.org/glo-pareto-common/-/glo-pareto-common-0.2.0.tgz",
      "integrity": "sha512-LEIcfT/bslx4NsjKbpMwHN/I9d6CM6Swoo08pdRC7qJoO4XNMedeHbFPCJw6XlAailnubx5ioyCUn3FQjkq9jA==",
      "requires": {
        "pareto-core-types": "^0.10.0"
      }
    },
    "lib-fountain-pen": {
      "version": "0.13.0",
      "resolved": "https://registry.npmjs.org/lib-fountain-pen/-/lib-fountain-pen-0.13.0.tgz",
      "integrity": "sha512-J6JAKtGpLsC2GWREoYAS1ZqLjcCOhVYybuORknB8B/M31b9tNpvw6GpVEMw7me8ldgV42C9n4UzdDxMOmiqWgA==",
      "requires": {
        "pareto-core-lib": "^0.17.0",
        "pareto-core-raw": "^0.7.0",
        "pareto-core-state": "^0.12.0",
        "res-pareto-filesystem": "^0.26.1",
        "res-pareto-tostring": "^0.4.1"
      }
    },
    "lib-pareto-exe": {
      "version": "0.5.0",
      "resolved": "https://registry.npmjs.org/lib-pareto-exe/-/lib-pareto-exe-0.5.0.tgz",
      "integrity": "sha512-1TlApNzB7nBvjqTtZqhW4WZ/wcRxd+f4o4ZoeE8dpZF4lhJk3CapsuaNjQE/J5Ch6c4AMfWXOElmoXreJS4njw==",
      "requires": {
        "pareto-core-lib": "^0.13.0",
        "pareto-core-state": "^0.10.0"
      },
      "dependencies": {
        "pareto-core-internals": {
          "version": "0.7.0",
          "resolved": "https://registry.npmjs.org/pareto-core-internals/-/pareto-core-internals-0.7.0.tgz",
          "integrity": "sha512-1Mh7f9yFLSsFZKb3Rs/E9qGucUF2n1FcWPRfcRi47qI+FwhDfka0JbadlJaNnoVGOsY1bPMGxesTwReszBf9pw==",
          "requires": {
            "pareto-core-types": "^0.6.0"
          }
        },
        "pareto-core-lib": {
          "version": "0.13.0",
          "resolved": "https://registry.npmjs.org/pareto-core-lib/-/pareto-core-lib-0.13.0.tgz",
          "integrity": "sha512-abwCBRCqX9zs/0ENJC0WJOWeRqT0MTe4zfj21xJZidMjcXT0ga/V6XYLF4m8OQgqqQfzPchI5rkyBJgzXQTxrg==",
          "requires": {
            "pareto-core-internals": "^0.7.0"
          }
        },
        "pareto-core-state": {
          "version": "0.10.0",
          "resolved": "https://registry.npmjs.org/pareto-core-state/-/pareto-core-state-0.10.0.tgz",
          "integrity": "sha512-3mqwo8fanO8pks7dzYbA2E2RSYA3bDBCaHHb/Dh48y5yOAtDTfWcsDi+emJDdMjaAel09o36dQ0v0Yu2D4/9KA==",
          "requires": {
            "pareto-core-internals": "^0.7.0"
          }
        },
        "pareto-core-types": {
          "version": "0.6.0",
          "resolved": "https://registry.npmjs.org/pareto-core-types/-/pareto-core-types-0.6.0.tgz",
          "integrity": "sha512-q9M6w+M6kgJBaroffQto9oRqsBKDpYI+JbJgO+7wVUx5QPew9kEsdevkNfjPPPWhq0grRg9Nj3t2gQy6wXyL2g=="
        }
      }
    },
    "lib-pareto-main": {
      "version": "0.1.0",
      "resolved": "https://registry.npmjs.org/lib-pareto-main/-/lib-pareto-main-0.1.0.tgz",
      "integrity": "sha512-ZFXmLDo+oVQrrDNZSUml7WkGUyEQAXjFwhtapGOEq7LJgb5e365hdkSYhKSxMP7h5bArU+3HBUSD/hEFbItZ+w==",
      "requires": {
        "pareto-core-lib": "^0.17.0",
        "pareto-core-types": "^0.10.0"
      }
    },
    "lib-pareto-typescript-project": {
      "version": "0.18.0",
      "resolved": "https://registry.npmjs.org/lib-pareto-typescript-project/-/lib-pareto-typescript-project-0.18.0.tgz",
      "integrity": "sha512-/Js/ERNfX5154lF4W0HDvDqsO9jdMeY+E7gqGha76m5X0crCyrmS6TqcFVdLp6tziAnoQF+IcXiGCSV2l1S9ow==",
      "requires": {
        "glo-pareto-common": "^0.2.0",
        "lib-fountain-pen": "^0.13.0",
        "lib-pareto-exe": "^0.5.0",
        "lib-pareto-main": "^0.1.0",
        "pareto-core-lib": "^0.17.0",
        "pareto-core-raw": "^0.7.0",
        "pareto-core-state": "^0.12.0",
        "res-pareto-collation": "^0.11.0"
      }
    },
    "pareto-core-exe": {
      "version": "0.15.1",
      "resolved": "https://registry.npmjs.org/pareto-core-exe/-/pareto-core-exe-0.15.1.tgz",
      "integrity": "sha512-WZxS20fFeq2pzl8pfF2VZFiqXxeg+YmBk5RWymWSvrjWN08ZmtP01/GHtQmgXpHtFG+11FusPXX+lk7dar26dw==",
      "requires": {
        "glo-pareto-main": "^0.3.0",
        "pareto-core-internals": "^0.11.0"
      },
      "dependencies": {
        "glo-pareto-main": {
          "version": "0.3.0",
          "resolved": "https://registry.npmjs.org/glo-pareto-main/-/glo-pareto-main-0.3.0.tgz",
          "integrity": "sha512-f3eHxf/dw/7HQne6vcmdgJOFTho/Xw+xaAdiEFn6F4jbvUp4qcCAsOhwoATZJCQPA34+U9alNDgYShSOCIsb5w==",
          "requires": {
            "pareto-core-types": "^0.10.0"
          }
        }
      }
    },
    "pareto-core-internals": {
      "version": "0.11.0",
      "resolved": "https://registry.npmjs.org/pareto-core-internals/-/pareto-core-internals-0.11.0.tgz",
      "integrity": "sha512-r9npJV5EXGSteklXVa9Sr9YcTkv3PQ3bWJK0sWwtuw6rvU4DHC6xYzIU8otnI4SM0f2je72fN6fWh0LaYQNe2A==",
      "requires": {
        "pareto-core-types": "^0.10.0"
      }
    },
    "pareto-core-lib": {
      "version": "0.17.0",
      "resolved": "https://registry.npmjs.org/pareto-core-lib/-/pareto-core-lib-0.17.0.tgz",
      "integrity": "sha512-C+5Omz9UT8EB8f2AcVd78Kcq+b1IdymQLk9LkywFySieh38AeYtrLRod8tif4wLCeXGIj6T1Py23Pl+5lGWNFg==",
      "requires": {
        "pareto-core-internals": "^0.11.0"
      }
    },
    "pareto-core-raw": {
      "version": "0.7.0",
      "resolved": "https://registry.npmjs.org/pareto-core-raw/-/pareto-core-raw-0.7.0.tgz",
      "integrity": "sha512-h+cMrKMNLg6iPB8oqc8DGJsdDSuuEEc/UxTbmehzOAUYeJp/ZftAVZn1IHItMcjRqpusfz7njKR4QvJWT91PEg==",
      "requires": {
        "pareto-core-internals": "^0.11.0"
      }
    },
    "pareto-core-state": {
      "version": "0.12.0",
      "resolved": "https://registry.npmjs.org/pareto-core-state/-/pareto-core-state-0.12.0.tgz",
      "integrity": "sha512-yuDXIlvorBeZfJ4Xkob7JEXcukou5s1UrcXvsCt9N9CjalbEoOgZ5UD+3wL4nbtlIubzH+VvzlYMOoOoOOxkqw==",
      "requires": {
        "pareto-core-internals": "^0.11.0"
      }
    },
    "pareto-core-types": {
      "version": "0.10.0",
      "resolved": "https://registry.npmjs.org/pareto-core-types/-/pareto-core-types-0.10.0.tgz",
      "integrity": "sha512-asVi1Eq2wbUfqyOrTFtSP7Tm1flBhfh2Evu90aTgf2xzphs9BFiYvIs9FhNWU7qcvjAup6ISMT6Gjv7mHQivLw=="
    },
    "res-pareto-collation": {
      "version": "0.11.0",
      "resolved": "https://registry.npmjs.org/res-pareto-collation/-/res-pareto-collation-0.11.0.tgz",
      "integrity": "sha512-E4O5RXUhmSZ9Zdj20Xj+xpH0nH2wD0qpRRNk/EytZZBwHCdLu9pAaoIFuNBXzmBje/gHyoO/7cn4DQ7vZugGXg==",
      "requires": {
        "pareto-core-internals": "^0.11.0"
      }
    },
    "res-pareto-filesystem": {
      "version": "0.26.1",
      "resolved": "https://registry.npmjs.org/res-pareto-filesystem/-/res-pareto-filesystem-0.26.1.tgz",
      "integrity": "sha512-K2oRhq/pwN09kANnNXXItfcqn6wOgQbQxJ0LC4FpDgKxKwwtR5R093+XExYmod3VcoReO7FBbFXvg/Pg7KSx6Q==",
      "requires": {
        "pareto-core-internals": "^0.11.0"
      }
    },
    "res-pareto-tostring": {
      "version": "0.4.1",
      "resolved": "https://registry.npmjs.org/res-pareto-tostring/-/res-pareto-tostring-0.4.1.tgz",
      "integrity": "sha512-zvvdHzjekuuVn2q2HcWUS9UxwGQ2Vw1BWl0p18Hx0oJFck0NFEKb2Xk0NSKpXLKqH+FEAJKdh5D8d+2JR7JUWQ==",
      "requires": {
        "pareto-core-internals": "^0.11.0"
      }
    }
  }
}
