{
  "name": "res-pareto-tostring",
  "version": "0.1.0",
  "lockfileVersion": 2,
  "requires": true,
  "packages": {
    "": {
      "name": "res-pareto-tostring",
      "version": "0.1.0",
      "license": "ISC",
      "dependencies": {
        "api-pareto-tostring": "^0.3.0",
        "pareto-core-internals": "^0.6.0",
        "pareto-core-types": "^0.5.0"
      }
    },
    "node_modules/api-pareto-tostring": {
      "version": "0.3.0",
      "resolved": "https://registry.npmjs.org/api-pareto-tostring/-/api-pareto-tostring-0.3.0.tgz",
      "integrity": "sha512-K0etuZ07JAwoGM3NLCucX5jlVUv0rqtxatazEOOS/FyrlFY9GHk/08C6IWwp2kBMD07+V+PGNDABDLoFzkmjmA==",
      "dependencies": {
        "pareto-core-internals": "^0.6.0",
        "pareto-core-types": "^0.5.0"
      }
    },
    "node_modules/pareto-core-internals": {
      "version": "0.6.0",
      "resolved": "https://registry.npmjs.org/pareto-core-internals/-/pareto-core-internals-0.6.0.tgz",
      "integrity": "sha512-ZXHa+PC5n7Ij/ASupX9erNo0ToHzDarv7AMTLfryB/l8YN49W8ZcHqFp6AFayiamtdBEf6nOy24A4OwmPRCkaA==",
      "dependencies": {
        "pareto-core-types": "^0.5.0"
      }
    },
    "node_modules/pareto-core-types": {
      "version": "0.5.0",
      "resolved": "https://registry.npmjs.org/pareto-core-types/-/pareto-core-types-0.5.0.tgz",
      "integrity": "sha512-RgJ5V2Eg/E8wUtlXL0T+0oywXRubtBChdoKfdRctjExtmrU2UeWkIvrncbxe4k+pyMxO3eJ3NQ/58trkW7L+Cg=="
    }
  },
  "dependencies": {
    "api-pareto-tostring": {
      "version": "0.3.0",
      "resolved": "https://registry.npmjs.org/api-pareto-tostring/-/api-pareto-tostring-0.3.0.tgz",
      "integrity": "sha512-K0etuZ07JAwoGM3NLCucX5jlVUv0rqtxatazEOOS/FyrlFY9GHk/08C6IWwp2kBMD07+V+PGNDABDLoFzkmjmA==",
      "requires": {
        "pareto-core-internals": "^0.6.0",
        "pareto-core-types": "^0.5.0"
      }
    },
    "pareto-core-internals": {
      "version": "0.6.0",
      "resolved": "https://registry.npmjs.org/pareto-core-internals/-/pareto-core-internals-0.6.0.tgz",
      "integrity": "sha512-ZXHa+PC5n7Ij/ASupX9erNo0ToHzDarv7AMTLfryB/l8YN49W8ZcHqFp6AFayiamtdBEf6nOy24A4OwmPRCkaA==",
      "requires": {
        "pareto-core-types": "^0.5.0"
      }
    },
    "pareto-core-types": {
      "version": "0.5.0",
      "resolved": "https://registry.npmjs.org/pareto-core-types/-/pareto-core-types-0.5.0.tgz",
      "integrity": "sha512-RgJ5V2Eg/E8wUtlXL0T+0oywXRubtBChdoKfdRctjExtmrU2UeWkIvrncbxe4k+pyMxO3eJ3NQ/58trkW7L+Cg=="
    }
  }
}
